
Microsoft Visual Studio Solution File, Format Version 12.00
# Visual Studio Version 16
VisualStudioVersion = 16.0.31605.320
MinimumVisualStudioVersion = 10.0.40219.1
Project("{8BC9CEB8-8B4A-11D0-8D11-00A0C91BC942}") = "lab1.2.7", "lab1.2.7\lab1.2.7.vcxproj", "{B187164B-F6B3-4A25-83D1-F7BFFCE8E858}"
EndProject
Project("{8BC9CEB8-8B4A-11D0-8D11-00A0C91BC942}") = "lab1.2.4", "lab1.2.4\lab1.2.4.vcxproj", "{0E150A97-AD3B-4591-9903-9C8B2335F8FC}"
EndProject
Project("{8BC9CEB8-8B4A-11D0-8D11-00A0C91BC942}") = "lab1.2.5", "lab.1.2.5\lab.1.2.5.vcxproj", "{9A70864D-C4EC-4F44-A095-9CC17FBA5F26}"
EndProject
Project("{8BC9CEB8-8B4A-11D0-8D11-00A0C91BC942}") = "aTest", "aTest\aTest.vcxproj", "{45EAD030-5DB4-4C1E-AF1F-2DD63EB6E54D}"
EndProject
Project("{8BC9CEB8-8B4A-11D0-8D11-00A0C91BC942}") = "lab1.3.2", "lab1.3.2\lab1.3.2.vcxproj", "{C509C8DD-49BC-4033-A344-E4551E40ACAE}"
EndProject
Project("{8BC9CEB8-8B4A-11D0-8D11-00A0C91BC942}") = "lab1.3.3", "lab1.3.3\lab1.3.3.vcxproj", "{1705446C-E94C-4A5A-9154-146479A72F81}"
EndProject
Project("{8BC9CEB8-8B4A-11D0-8D11-00A0C91BC942}") = "lab1.3.5", "lab1.3.5\lab1.3.5.vcxproj", "{41984610-F4CF-4DE0-8976-C38CBDC9BA45}"
EndProject
Project("{8BC9CEB8-8B4A-11D0-8D11-00A0C91BC942}") = "lab1.4.1", "lab1.4.1\lab1.4.1.vcxproj", "{003918AB-042A-474D-B509-35F2E8D97094}"
EndProject
Project("{8BC9CEB8-8B4A-11D0-8D11-00A0C91BC942}") = "lab1.4.3", "lab1.4.3\lab1.4.3.vcxproj", "{41DFFDE3-DAE0-4DBF-B5D2-43267DA5AC9C}"
EndProject
Project("{8BC9CEB8-8B4A-11D0-8D11-00A0C91BC942}") = "lab1.5.1", "lab1.5.1\lab1.5.1.vcxproj", "{0E2B0AF5-FE03-4C6F-91AC-BD5F11FF9CA9}"
EndProject
Project("{8BC9CEB8-8B4A-11D0-8D11-00A0C91BC942}") = "lab1.5.2", "lab1.5.2\lab1.5.2.vcxproj", "{251E41CA-68B9-4EC9-8F32-0182D2485A4F}"
EndProject
Project("{8BC9CEB8-8B4A-11D0-8D11-00A0C91BC942}") = "lab1.5.3", "lab1.5.3\lab1.5.3.vcxproj", "{16F855BD-4636-4E90-9CE3-B68D2E6F8856}"
EndProject
Project("{8BC9CEB8-8B4A-11D0-8D11-00A0C91BC942}") = "lab1.6.1", "lab1.6.1\lab1.6.1.vcxproj", "{9B66A7D3-603D-469B-9480-B8D5EB38016D}"
EndProject
Project("{8BC9CEB8-8B4A-11D0-8D11-00A0C91BC942}") = "lab2.1.1", "lab2.1.1\lab2.1.1.vcxproj", "{19252029-E115-4B40-A077-B02C4D29E366}"
EndProject
Global
	GlobalSection(SolutionConfigurationPlatforms) = preSolution
		Debug|x64 = Debug|x64
		Debug|x86 = Debug|x86
		Release|x64 = Release|x64
		Release|x86 = Release|x86
	EndGlobalSection
	GlobalSection(ProjectConfigurationPlatforms) = postSolution
		{B187164B-F6B3-4A25-83D1-F7BFFCE8E858}.Debug|x64.ActiveCfg = Debug|x64
		{B187164B-F6B3-4A25-83D1-F7BFFCE8E858}.Debug|x64.Build.0 = Debug|x64
		{B187164B-F6B3-4A25-83D1-F7BFFCE8E858}.Debug|x86.ActiveCfg = Debug|Win32
		{B187164B-F6B3-4A25-83D1-F7BFFCE8E858}.Debug|x86.Build.0 = Debug|Win32
		{B187164B-F6B3-4A25-83D1-F7BFFCE8E858}.Release|x64.ActiveCfg = Release|x64
		{B187164B-F6B3-4A25-83D1-F7BFFCE8E858}.Release|x64.Build.0 = Release|x64
		{B187164B-F6B3-4A25-83D1-F7BFFCE8E858}.Release|x86.ActiveCfg = Release|Win32
		{B187164B-F6B3-4A25-83D1-F7BFFCE8E858}.Release|x86.Build.0 = Release|Win32
		{0E150A97-AD3B-4591-9903-9C8B2335F8FC}.Debug|x64.ActiveCfg = Debug|x64
		{0E150A97-AD3B-4591-9903-9C8B2335F8FC}.Debug|x64.Build.0 = Debug|x64
		{0E150A97-AD3B-4591-9903-9C8B2335F8FC}.Debug|x86.ActiveCfg = Debug|Win32
		{0E150A97-AD3B-4591-9903-9C8B2335F8FC}.Debug|x86.Build.0 = Debug|Win32
		{0E150A97-AD3B-4591-9903-9C8B2335F8FC}.Release|x64.ActiveCfg = Release|x64
		{0E150A97-AD3B-4591-9903-9C8B2335F8FC}.Release|x64.Build.0 = Release|x64
		{0E150A97-AD3B-4591-9903-9C8B2335F8FC}.Release|x86.ActiveCfg = Release|Win32
		{0E150A97-AD3B-4591-9903-9C8B2335F8FC}.Release|x86.Build.0 = Release|Win32
		{9A70864D-C4EC-4F44-A095-9CC17FBA5F26}.Debug|x64.ActiveCfg = Debug|x64
		{9A70864D-C4EC-4F44-A095-9CC17FBA5F26}.Debug|x64.Build.0 = Debug|x64
		{9A70864D-C4EC-4F44-A095-9CC17FBA5F26}.Debug|x86.ActiveCfg = Debug|Win32
		{9A70864D-C4EC-4F44-A095-9CC17FBA5F26}.Debug|x86.Build.0 = Debug|Win32
		{9A70864D-C4EC-4F44-A095-9CC17FBA5F26}.Release|x64.ActiveCfg = Release|x64
		{9A70864D-C4EC-4F44-A095-9CC17FBA5F26}.Release|x64.Build.0 = Release|x64
		{9A70864D-C4EC-4F44-A095-9CC17FBA5F26}.Release|x86.ActiveCfg = Release|Win32
		{9A70864D-C4EC-4F44-A095-9CC17FBA5F26}.Release|x86.Build.0 = Release|Win32
		{45EAD030-5DB4-4C1E-AF1F-2DD63EB6E54D}.Debug|x64.ActiveCfg = Debug|x64
		{45EAD030-5DB4-4C1E-AF1F-2DD63EB6E54D}.Debug|x64.Build.0 = Debug|x64
		{45EAD030-5DB4-4C1E-AF1F-2DD63EB6E54D}.Debug|x86.ActiveCfg = Debug|Win32
		{45EAD030-5DB4-4C1E-AF1F-2DD63EB6E54D}.Debug|x86.Build.0 = Debug|Win32
		{45EAD030-5DB4-4C1E-AF1F-2DD63EB6E54D}.Release|x64.ActiveCfg = Release|x64
		{45EAD030-5DB4-4C1E-AF1F-2DD63EB6E54D}.Release|x64.Build.0 = Release|x64
		{45EAD030-5DB4-4C1E-AF1F-2DD63EB6E54D}.Release|x86.ActiveCfg = Release|Win32
		{45EAD030-5DB4-4C1E-AF1F-2DD63EB6E54D}.Release|x86.Build.0 = Release|Win32
		{C509C8DD-49BC-4033-A344-E4551E40ACAE}.Debug|x64.ActiveCfg = Debug|x64
		{C509C8DD-49BC-4033-A344-E4551E40ACAE}.Debug|x64.Build.0 = Debug|x64
		{C509C8DD-49BC-4033-A344-E4551E40ACAE}.Debug|x86.ActiveCfg = Debug|Win32
		{C509C8DD-49BC-4033-A344-E4551E40ACAE}.Debug|x86.Build.0 = Debug|Win32
		{C509C8DD-49BC-4033-A344-E4551E40ACAE}.Release|x64.ActiveCfg = Release|x64
		{C509C8DD-49BC-4033-A344-E4551E40ACAE}.Release|x64.Build.0 = Release|x64
		{C509C8DD-49BC-4033-A344-E4551E40ACAE}.Release|x86.ActiveCfg = Release|Win32
		{C509C8DD-49BC-4033-A344-E4551E40ACAE}.Release|x86.Build.0 = Release|Win32
		{1705446C-E94C-4A5A-9154-146479A72F81}.Debug|x64.ActiveCfg = Debug|x64
		{1705446C-E94C-4A5A-9154-146479A72F81}.Debug|x64.Build.0 = Debug|x64
		{1705446C-E94C-4A5A-9154-146479A72F81}.Debug|x86.ActiveCfg = Debug|Win32
		{1705446C-E94C-4A5A-9154-146479A72F81}.Debug|x86.Build.0 = Debug|Win32
		{1705446C-E94C-4A5A-9154-146479A72F81}.Release|x64.ActiveCfg = Release|x64
		{1705446C-E94C-4A5A-9154-146479A72F81}.Release|x64.Build.0 = Release|x64
		{1705446C-E94C-4A5A-9154-146479A72F81}.Release|x86.ActiveCfg = Release|Win32
		{1705446C-E94C-4A5A-9154-146479A72F81}.Release|x86.Build.0 = Release|Win32
		{41984610-F4CF-4DE0-8976-C38CBDC9BA45}.Debug|x64.ActiveCfg = Debug|x64
		{41984610-F4CF-4DE0-8976-C38CBDC9BA45}.Debug|x64.Build.0 = Debug|x64
		{41984610-F4CF-4DE0-8976-C38CBDC9BA45}.Debug|x86.ActiveCfg = Debug|Win32
		{41984610-F4CF-4DE0-8976-C38CBDC9BA45}.Debug|x86.Build.0 = Debug|Win32
		{41984610-F4CF-4DE0-8976-C38CBDC9BA45}.Release|x64.ActiveCfg = Release|x64
		{41984610-F4CF-4DE0-8976-C38CBDC9BA45}.Release|x64.Build.0 = Release|x64
		{41984610-F4CF-4DE0-8976-C38CBDC9BA45}.Release|x86.ActiveCfg = Release|Win32
		{41984610-F4CF-4DE0-8976-C38CBDC9BA45}.Release|x86.Build.0 = Release|Win32
		{003918AB-042A-474D-B509-35F2E8D97094}.Debug|x64.ActiveCfg = Debug|x64
		{003918AB-042A-474D-B509-35F2E8D97094}.Debug|x64.Build.0 = Debug|x64
		{003918AB-042A-474D-B509-35F2E8D97094}.Debug|x86.ActiveCfg = Debug|Win32
		{003918AB-042A-474D-B509-35F2E8D97094}.Debug|x86.Build.0 = Debug|Win32
		{003918AB-042A-474D-B509-35F2E8D97094}.Release|x64.ActiveCfg = Release|x64
		{003918AB-042A-474D-B509-35F2E8D97094}.Release|x64.Build.0 = Release|x64
		{003918AB-042A-474D-B509-35F2E8D97094}.Release|x86.ActiveCfg = Release|Win32
		{003918AB-042A-474D-B509-35F2E8D97094}.Release|x86.Build.0 = Release|Win32
		{41DFFDE3-DAE0-4DBF-B5D2-43267DA5AC9C}.Debug|x64.ActiveCfg = Debug|x64
		{41DFFDE3-DAE0-4DBF-B5D2-43267DA5AC9C}.Debug|x64.Build.0 = Debug|x64
		{41DFFDE3-DAE0-4DBF-B5D2-43267DA5AC9C}.Debug|x86.ActiveCfg = Debug|Win32
		{41DFFDE3-DAE0-4DBF-B5D2-43267DA5AC9C}.Debug|x86.Build.0 = Debug|Win32
		{41DFFDE3-DAE0-4DBF-B5D2-43267DA5AC9C}.Release|x64.ActiveCfg = Release|x64
		{41DFFDE3-DAE0-4DBF-B5D2-43267DA5AC9C}.Release|x64.Build.0 = Release|x64
		{41DFFDE3-DAE0-4DBF-B5D2-43267DA5AC9C}.Release|x86.ActiveCfg = Release|Win32
		{41DFFDE3-DAE0-4DBF-B5D2-43267DA5AC9C}.Release|x86.Build.0 = Release|Win32
		{0E2B0AF5-FE03-4C6F-91AC-BD5F11FF9CA9}.Debug|x64.ActiveCfg = Debug|x64
		{0E2B0AF5-FE03-4C6F-91AC-BD5F11FF9CA9}.Debug|x64.Build.0 = Debug|x64
		{0E2B0AF5-FE03-4C6F-91AC-BD5F11FF9CA9}.Debug|x86.ActiveCfg = Debug|Win32
		{0E2B0AF5-FE03-4C6F-91AC-BD5F11FF9CA9}.Debug|x86.Build.0 = Debug|Win32
		{0E2B0AF5-FE03-4C6F-91AC-BD5F11FF9CA9}.Release|x64.ActiveCfg = Release|x64
		{0E2B0AF5-FE03-4C6F-91AC-BD5F11FF9CA9}.Release|x64.Build.0 = Release|x64
		{0E2B0AF5-FE03-4C6F-91AC-BD5F11FF9CA9}.Release|x86.ActiveCfg = Release|Win32
		{0E2B0AF5-FE03-4C6F-91AC-BD5F11FF9CA9}.Release|x86.Build.0 = Release|Win32
		{251E41CA-68B9-4EC9-8F32-0182D2485A4F}.Debug|x64.ActiveCfg = Debug|x64
		{251E41CA-68B9-4EC9-8F32-0182D2485A4F}.Debug|x64.Build.0 = Debug|x64
		{251E41CA-68B9-4EC9-8F32-0182D2485A4F}.Debug|x86.ActiveCfg = Debug|Win32
		{251E41CA-68B9-4EC9-8F32-0182D2485A4F}.Debug|x86.Build.0 = Debug|Win32
		{251E41CA-68B9-4EC9-8F32-0182D2485A4F}.Release|x64.ActiveCfg = Release|x64
		{251E41CA-68B9-4EC9-8F32-0182D2485A4F}.Release|x64.Build.0 = Release|x64
		{251E41CA-68B9-4EC9-8F32-0182D2485A4F}.Release|x86.ActiveCfg = Release|Win32
		{251E41CA-68B9-4EC9-8F32-0182D2485A4F}.Release|x86.Build.0 = Release|Win32
		{16F855BD-4636-4E90-9CE3-B68D2E6F8856}.Debug|x64.ActiveCfg = Debug|x64
		{16F855BD-4636-4E90-9CE3-B68D2E6F8856}.Debug|x64.Build.0 = Debug|x64
		{16F855BD-4636-4E90-9CE3-B68D2E6F8856}.Debug|x86.ActiveCfg = Debug|Win32
		{16F855BD-4636-4E90-9CE3-B68D2E6F8856}.Debug|x86.Build.0 = Debug|Win32
		{16F855BD-4636-4E90-9CE3-B68D2E6F8856}.Release|x64.ActiveCfg = Release|x64
		{16F855BD-4636-4E90-9CE3-B68D2E6F8856}.Release|x64.Build.0 = Release|x64
		{16F855BD-4636-4E90-9CE3-B68D2E6F8856}.Release|x86.ActiveCfg = Release|Win32
		{16F855BD-4636-4E90-9CE3-B68D2E6F8856}.Release|x86.Build.0 = Release|Win32
		{9B66A7D3-603D-469B-9480-B8D5EB38016D}.Debug|x64.ActiveCfg = Debug|x64
		{9B66A7D3-603D-469B-9480-B8D5EB38016D}.Debug|x64.Build.0 = Debug|x64
		{9B66A7D3-603D-469B-9480-B8D5EB38016D}.Debug|x86.ActiveCfg = Debug|Win32
		{9B66A7D3-603D-469B-9480-B8D5EB38016D}.Debug|x86.Build.0 = Debug|Win32
		{9B66A7D3-603D-469B-9480-B8D5EB38016D}.Release|x64.ActiveCfg = Release|x64
		{9B66A7D3-603D-469B-9480-B8D5EB38016D}.Release|x64.Build.0 = Release|x64
		{9B66A7D3-603D-469B-9480-B8D5EB38016D}.Release|x86.ActiveCfg = Release|Win32
		{9B66A7D3-603D-469B-9480-B8D5EB38016D}.Release|x86.Build.0 = Release|Win32
		{19252029-E115-4B40-A077-B02C4D29E366}.Debug|x64.ActiveCfg = Debug|x64
		{19252029-E115-4B40-A077-B02C4D29E366}.Debug|x64.Build.0 = Debug|x64
		{19252029-E115-4B40-A077-B02C4D29E366}.Debug|x86.ActiveCfg = Debug|Win32
		{19252029-E115-4B40-A077-B02C4D29E366}.Debug|x86.Build.0 = Debug|Win32
		{19252029-E115-4B40-A077-B02C4D29E366}.Release|x64.ActiveCfg = Release|x64
		{19252029-E115-4B40-A077-B02C4D29E366}.Release|x64.Build.0 = Release|x64
		{19252029-E115-4B40-A077-B02C4D29E366}.Release|x86.ActiveCfg = Release|Win32
		{19252029-E115-4B40-A077-B02C4D29E366}.Release|x86.Build.0 = Release|Win32
	EndGlobalSection
	GlobalSection(SolutionProperties) = preSolution
		HideSolutionNode = FALSE
	EndGlobalSection
	GlobalSection(ExtensibilityGlobals) = postSolution
		SolutionGuid = {2EA1CDA9-1C74-4413-B3DD-FE636BDDA6C0}
	EndGlobalSection
EndGlobal
